// !$*UTF8*$!
{
	archiveVersion = 1;
	classes = {
	};
	objectVersion = 46;
	objects = {

/* Begin PBXBuildFile section */
		5263CFE11AFAB0EF007809A0 /* CalculatorBrain.swift in Sources */ = {isa = PBXBuildFile; fileRef = 5263CFE01AFAB0EF007809A0 /* CalculatorBrain.swift */; };
		52D332871B28D519006F6141 /* GraphingViewController.swift in Sources */ = {isa = PBXBuildFile; fileRef = 52D332861B28D519006F6141 /* GraphingViewController.swift */; };
		52D332891B28D76C006F6141 /* AxesDrawer.swift in Sources */ = {isa = PBXBuildFile; fileRef = 52D332881B28D76C006F6141 /* AxesDrawer.swift */; };
		52F9618F1AA8F6D800F8B08E /* AppDelegate.swift in Sources */ = {isa = PBXBuildFile; fileRef = 52F9618E1AA8F6D800F8B08E /* AppDelegate.swift */; };
		52F961911AA8F6D800F8B08E /* CalculatorViewController.swift in Sources */ = {isa = PBXBuildFile; fileRef = 52F961901AA8F6D800F8B08E /* CalculatorViewController.swift */; };
		52F961941AA8F6D800F8B08E /* Main.storyboard in Resources */ = {isa = PBXBuildFile; fileRef = 52F961921AA8F6D800F8B08E /* Main.storyboard */; };
		52F961961AA8F6D800F8B08E /* Images.xcassets in Resources */ = {isa = PBXBuildFile; fileRef = 52F961951AA8F6D800F8B08E /* Images.xcassets */; };
		52F961991AA8F6D800F8B08E /* LaunchScreen.xib in Resources */ = {isa = PBXBuildFile; fileRef = 52F961971AA8F6D800F8B08E /* LaunchScreen.xib */; };
		52F961A51AA8F6D800F8B08E /* calculatorTests.swift in Sources */ = {isa = PBXBuildFile; fileRef = 52F961A41AA8F6D800F8B08E /* calculatorTests.swift */; };
/* End PBXBuildFile section */

/* Begin PBXContainerItemProxy section */
		52F9619F1AA8F6D800F8B08E /* PBXContainerItemProxy */ = {
			isa = PBXContainerItemProxy;
			containerPortal = 52F961811AA8F6D800F8B08E /* Project object */;
			proxyType = 1;
			remoteGlobalIDString = 52F961881AA8F6D800F8B08E;
			remoteInfo = calculator;
		};
/* End PBXContainerItemProxy section */

/* Begin PBXFileReference section */
		5263CFE01AFAB0EF007809A0 /* CalculatorBrain.swift */ = {isa = PBXFileReference; fileEncoding = 4; lastKnownFileType = sourcecode.swift; path = CalculatorBrain.swift; sourceTree = "<group>"; };
		52D332861B28D519006F6141 /* GraphingViewController.swift */ = {isa = PBXFileReference; fileEncoding = 4; lastKnownFileType = sourcecode.swift; path = GraphingViewController.swift; sourceTree = "<group>"; };
		52D332881B28D76C006F6141 /* AxesDrawer.swift */ = {isa = PBXFileReference; fileEncoding = 4; lastKnownFileType = sourcecode.swift; name = AxesDrawer.swift; path = ../../../../Downloads/AxesDrawer.swift; sourceTree = "<group>"; };
		52F961891AA8F6D800F8B08E /* calculator.app */ = {isa = PBXFileReference; explicitFileType = wrapper.application; includeInIndex = 0; path = calculator.app; sourceTree = BUILT_PRODUCTS_DIR; };
		52F9618D1AA8F6D800F8B08E /* Info.plist */ = {isa = PBXFileReference; lastKnownFileType = text.plist.xml; path = Info.plist; sourceTree = "<group>"; };
		52F9618E1AA8F6D800F8B08E /* AppDelegate.swift */ = {isa = PBXFileReference; lastKnownFileType = sourcecode.swift; path = AppDelegate.swift; sourceTree = "<group>"; };
		52F961901AA8F6D800F8B08E /* CalculatorViewController.swift */ = {isa = PBXFileReference; lastKnownFileType = sourcecode.swift; path = CalculatorViewController.swift; sourceTree = "<group>"; };
		52F961931AA8F6D800F8B08E /* Base */ = {isa = PBXFileReference; lastKnownFileType = file.storyboard; name = Base; path = Base.lproj/Main.storyboard; sourceTree = "<group>"; };
		52F961951AA8F6D800F8B08E /* Images.xcassets */ = {isa = PBXFileReference; lastKnownFileType = folder.assetcatalog; path = Images.xcassets; sourceTree = "<group>"; };
		52F961981AA8F6D800F8B08E /* Base */ = {isa = PBXFileReference; lastKnownFileType = file.xib; name = Base; path = Base.lproj/LaunchScreen.xib; sourceTree = "<group>"; };
		52F9619E1AA8F6D800F8B08E /* calculatorTests.xctest */ = {isa = PBXFileReference; explicitFileType = wrapper.cfbundle; includeInIndex = 0; path = calculatorTests.xctest; sourceTree = BUILT_PRODUCTS_DIR; };
		52F961A31AA8F6D800F8B08E /* Info.plist */ = {isa = PBXFileReference; lastKnownFileType = text.plist.xml; path = Info.plist; sourceTree = "<group>"; };
		52F961A41AA8F6D800F8B08E /* calculatorTests.swift */ = {isa = PBXFileReference; lastKnownFileType = sourcecode.swift; path = calculatorTests.swift; sourceTree = "<group>"; };
/* End PBXFileReference section */

/* Begin PBXFrameworksBuildPhase section */
		52F961861AA8F6D800F8B08E /* Frameworks */ = {
			isa = PBXFrameworksBuildPhase;
			buildActionMask = 2147483647;
			files = (
			);
			runOnlyForDeploymentPostprocessing = 0;
		};
		52F9619B1AA8F6D800F8B08E /* Frameworks */ = {
			isa = PBXFrameworksBuildPhase;
			buildActionMask = 2147483647;
			files = (
			);
			runOnlyForDeploymentPostprocessing = 0;
		};
/* End PBXFrameworksBuildPhase section */

/* Begin PBXGroup section */
		52F961801AA8F6D800F8B08E = {
			isa = PBXGroup;
			children = (
				52F9618B1AA8F6D800F8B08E /* calculator */,
				52F961A11AA8F6D800F8B08E /* calculatorTests */,
				52F9618A1AA8F6D800F8B08E /* Products */,
			);
			sourceTree = "<group>";
		};
		52F9618A1AA8F6D800F8B08E /* Products */ = {
			isa = PBXGroup;
			children = (
				52F961891AA8F6D800F8B08E /* calculator.app */,
				52F9619E1AA8F6D800F8B08E /* calculatorTests.xctest */,
			);
			name = Products;
			sourceTree = "<group>";
		};
		52F9618B1AA8F6D800F8B08E /* calculator */ = {
			isa = PBXGroup;
			children = (
				52F961901AA8F6D800F8B08E /* CalculatorViewController.swift */,
				52D332861B28D519006F6141 /* GraphingViewController.swift */,
				52D332881B28D76C006F6141 /* AxesDrawer.swift */,
				5263CFE01AFAB0EF007809A0 /* CalculatorBrain.swift */,
				52F961921AA8F6D800F8B08E /* Main.storyboard */,
				52F9618C1AA8F6D800F8B08E /* Supporting Files */,
			);
			path = calculator;
			sourceTree = "<group>";
		};
		52F9618C1AA8F6D800F8B08E /* Supporting Files */ = {
			isa = PBXGroup;
			children = (
				52F961951AA8F6D800F8B08E /* Images.xcassets */,
				52F9618E1AA8F6D800F8B08E /* AppDelegate.swift */,
				52F961971AA8F6D800F8B08E /* LaunchScreen.xib */,
				52F9618D1AA8F6D800F8B08E /* Info.plist */,
			);
			name = "Supporting Files";
			sourceTree = "<group>";
		};
		52F961A11AA8F6D800F8B08E /* calculatorTests */ = {
			isa = PBXGroup;
			children = (
				52F961A41AA8F6D800F8B08E /* calculatorTests.swift */,
				52F961A21AA8F6D800F8B08E /* Supporting Files */,
			);
			path = calculatorTests;
			sourceTree = "<group>";
		};
		52F961A21AA8F6D800F8B08E /* Supporting Files */ = {
			isa = PBXGroup;
			children = (
				52F961A31AA8F6D800F8B08E /* Info.plist */,
			);
			name = "Supporting Files";
			sourceTree = "<group>";
		};
/* End PBXGroup section */

/* Begin PBXNativeTarget section */
		52F961881AA8F6D800F8B08E /* calculator */ = {
			isa = PBXNativeTarget;
			buildConfigurationList = 52F961A81AA8F6D800F8B08E /* Build configuration list for PBXNativeTarget "calculator" */;
			buildPhases = (
				52F961851AA8F6D800F8B08E /* Sources */,
				52F961861AA8F6D800F8B08E /* Frameworks */,
				52F961871AA8F6D800F8B08E /* Resources */,
			);
			buildRules = (
			);
			dependencies = (
			);
			name = calculator;
			productName = calculator;
			productReference = 52F961891AA8F6D800F8B08E /* calculator.app */;
			productType = "com.apple.product-type.application";
		};
		52F9619D1AA8F6D800F8B08E /* calculatorTests */ = {
			isa = PBXNativeTarget;
			buildConfigurationList = 52F961AB1AA8F6D800F8B08E /* Build configuration list for PBXNativeTarget "calculatorTests" */;
			buildPhases = (
				52F9619A1AA8F6D800F8B08E /* Sources */,
				52F9619B1AA8F6D800F8B08E /* Frameworks */,
				52F9619C1AA8F6D800F8B08E /* Resources */,
			);
			buildRules = (
			);
			dependencies = (
				52F961A01AA8F6D800F8B08E /* PBXTargetDependency */,
			);
			name = calculatorTests;
			productName = calculatorTests;
			productReference = 52F9619E1AA8F6D800F8B08E /* calculatorTests.xctest */;
			productType = "com.apple.product-type.bundle.unit-test";
		};
/* End PBXNativeTarget section */

/* Begin PBXProject section */
		52F961811AA8F6D800F8B08E /* Project object */ = {
			isa = PBXProject;
			attributes = {
				LastUpgradeCheck = 0610;
				ORGANIZATIONNAME = "Toby Applegate";
				TargetAttributes = {
					52F961881AA8F6D800F8B08E = {
						CreatedOnToolsVersion = 6.1.1;
					};
					52F9619D1AA8F6D800F8B08E = {
						CreatedOnToolsVersion = 6.1.1;
						TestTargetID = 52F961881AA8F6D800F8B08E;
					};
				};
			};
			buildConfigurationList = 52F961841AA8F6D800F8B08E /* Build configuration list for PBXProject "calculator" */;
			compatibilityVersion = "Xcode 3.2";
			developmentRegion = English;
			hasScannedForEncodings = 0;
			knownRegions = (
				en,
				Base,
			);
			mainGroup = 52F961801AA8F6D800F8B08E;
			productRefGroup = 52F9618A1AA8F6D800F8B08E /* Products */;
			projectDirPath = "";
			projectRoot = "";
			targets = (
				52F961881AA8F6D800F8B08E /* calculator */,
				52F9619D1AA8F6D800F8B08E /* calculatorTests */,
			);
		};
/* End PBXProject section */

/* Begin PBXResourcesBuildPhase section */
		52F961871AA8F6D800F8B08E /* Resources */ = {
			isa = PBXResourcesBuildPhase;
			buildActionMask = 2147483647;
			files = (
				52F961941AA8F6D800F8B08E /* Main.storyboard in Resources */,
				52F961991AA8F6D800F8B08E /* LaunchScreen.xib in Resources */,
				52F961961AA8F6D800F8B08E /* Images.xcassets in Resources */,
			);
			runOnlyForDeploymentPostprocessing = 0;
		};
		52F9619C1AA8F6D800F8B08E /* Resources */ = {
			isa = PBXResourcesBuildPhase;
			buildActionMask = 2147483647;
			files = (
			);
			runOnlyForDeploymentPostprocessing = 0;
		};
/* End PBXResourcesBuildPhase section */

/* Begin PBXSourcesBuildPhase section */
		52F961851AA8F6D800F8B08E /* Sources */ = {
			isa = PBXSourcesBuildPhase;
			buildActionMask = 2147483647;
			files = (
				5263CFE11AFAB0EF007809A0 /* CalculatorBrain.swift in Sources */,
				52F961911AA8F6D800F8B08E /* CalculatorViewController.swift in Sources */,
				52D332891B28D76C006F6141 /* AxesDrawer.swift in Sources */,
				52D332871B28D519006F6141 /* GraphingViewController.swift in Sources */,
				52F9618F1AA8F6D800F8B08E /* AppDelegate.swift in Sources */,
			);
			runOnlyForDeploymentPostprocessing = 0;
		};
		52F9619A1AA8F6D800F8B08E /* Sources */ = {
			isa = PBXSourcesBuildPhase;
			buildActionMask = 2147483647;
			files = (
				52F961A51AA8F6D800F8B08E /* calculatorTests.swift in Sources */,
			);
			runOnlyForDeploymentPostprocessing = 0;
		};
/* End PBXSourcesBuildPhase section */

/* Begin PBXTargetDependency section */
		52F961A01AA8F6D800F8B08E /* PBXTargetDependency */ = {
			isa = PBXTargetDependency;
			target = 52F961881AA8F6D800F8B08E /* calculator */;
			targetProxy = 52F9619F1AA8F6D800F8B08E /* PBXContainerItemProxy */;
		};
/* End PBXTargetDependency section */

/* Begin PBXVariantGroup section */
		52F961921AA8F6D800F8B08E /* Main.storyboard */ = {
			isa = PBXVariantGroup;
			children = (
				52F961931AA8F6D800F8B08E /* Base */,
			);
			name = Main.storyboard;
			sourceTree = "<group>";
		};
		52F961971AA8F6D800F8B08E /* LaunchScreen.xib */ = {
			isa = PBXVariantGroup;
			children = (
				52F961981AA8F6D800F8B08E /* Base */,
			);
			name = LaunchScreen.xib;
			sourceTree = "<group>";
		};
/* End PBXVariantGroup section */

/* Begin XCBuildConfiguration section */
		52F961A61AA8F6D800F8B08E /* Debug */ = {
			isa = XCBuildConfiguration;
			buildSettings = {
				ALWAYS_SEARCH_USER_PATHS = NO;
				CLANG_CXX_LANGUAGE_STANDARD = "gnu++0x";
				CLANG_CXX_LIBRARY = "libc++";
				CLANG_ENABLE_MODULES = YES;
				CLANG_ENABLE_OBJC_ARC = YES;
				CLANG_WARN_BOOL_CONVERSION = YES;
				CLANG_WARN_CONSTANT_CONVERSION = YES;
				CLANG_WARN_DIRECT_OBJC_ISA_USAGE = YES_ERROR;
				CLANG_WARN_EMPTY_BODY = YES;
				CLANG_WARN_ENUM_CONVERSION = YES;
				CLANG_WARN_INT_CONVERSION = YES;
				CLANG_WARN_OBJC_ROOT_CLASS = YES_ERROR;
				CLANG_WARN_UNREACHABLE_CODE = YES;
				CLANG_WARN__DUPLICATE_METHOD_MATCH = YES;
				"CODE_SIGN_IDENTITY[sdk=iphoneos*]" = "iPhone Developer";
				COPY_PHASE_STRIP = NO;
				ENABLE_STRICT_OBJC_MSGSEND = YES;
				GCC_C_LANGUAGE_STANDARD = gnu99;
				GCC_DYNAMIC_NO_PIC = NO;
				GCC_OPTIMIZATION_LEVEL = 0;
				GCC_PREPROCESSOR_DEFINITIONS = (
					"DEBUG=1",
					"$(inherited)",
				);
				GCC_SYMBOLS_PRIVATE_EXTERN = NO;
				GCC_WARN_64_TO_32_BIT_CONVERSION = YES;
				GCC_WARN_ABOUT_RETURN_TYPE = YES_ERROR;
				GCC_WARN_UNDECLARED_SELECTOR = YES;
				GCC_WARN_UNINITIALIZED_AUTOS = YES_AGGRESSIVE;
				GCC_WARN_UNUSED_FUNCTION = YES;
				GCC_WARN_UNUSED_VARIABLE = YES;
				IPHONEOS_DEPLOYMENT_TARGET = 8.1;
				MTL_ENABLE_DEBUG_INFO = YES;
				ONLY_ACTIVE_ARCH = YES;
				SDKROOT = iphoneos;
				SWIFT_OPTIMIZATION_LEVEL = "-Onone";
			};
			name = Debug;
		};
		52F961A71AA8F6D800F8B08E /* Release */ = {
			isa = XCBuildConfiguration;
			buildSettings = {
				ALWAYS_SEARCH_USER_PATHS = NO;
				CLANG_CXX_LANGUAGE_STANDARD = "gnu++0x";
				CLANG_CXX_LIBRARY = "libc++";
				CLANG_ENABLE_MODULES = YES;
				CLANG_ENABLE_OBJC_ARC = YES;
				CLANG_WARN_BOOL_CONVERSION = YES;
				CLANG_WARN_CONSTANT_CONVERSION = YES;
				CLANG_WARN_DIRECT_OBJC_ISA_USAGE = YES_ERROR;
				CLANG_WARN_EMPTY_BODY = YES;
				CLANG_WARN_ENUM_CONVERSION = YES;
				CLANG_WARN_INT_CONVERSION = YES;
				CLANG_WARN_OBJC_ROOT_CLASS = YES_ERROR;
				CLANG_WARN_UNREACHABLE_CODE = YES;
				CLANG_WARN__DUPLICATE_METHOD_MATCH = YES;
				"CODE_SIGN_IDENTITY[sdk=iphoneos*]" = "iPhone Developer";
				COPY_PHASE_STRIP = YES;
				ENABLE_NS_ASSERTIONS = NO;
				ENABLE_STRICT_OBJC_MSGSEND = YES;
				GCC_C_LANGUAGE_STANDARD = gnu99;
				GCC_WARN_64_TO_32_BIT_CONVERSION = YES;
				GCC_WARN_ABOUT_RETURN_TYPE = YES_ERROR;
				GCC_WARN_UNDECLARED_SELECTOR = YES;
				GCC_WARN_UNINITIALIZED_AUTOS = YES_AGGRESSIVE;
				GCC_WARN_UNUSED_FUNCTION = YES;
				GCC_WARN_UNUSED_VARIABLE = YES;
				IPHONEOS_DEPLOYMENT_TARGET = 8.1;
				MTL_ENABLE_DEBUG_INFO = NO;
				SDKROOT = iphoneos;
				VALIDATE_PRODUCT = YES;
			};
			name = Release;
		};
		52F961A91AA8F6D800F8B08E /* Debug */ = {
			isa = XCBuildConfiguration;
			buildSettings = {
				ASSETCATALOG_COMPILER_APPICON_NAME = AppIcon;
				INFOPLIST_FILE = calculator/Info.plist;
				LD_RUNPATH_SEARCH_PATHS = "$(inherited) @executable_path/Frameworks";
				PRODUCT_NAME = "$(TARGET_NAME)";
			};
			name = Debug;
		};
		52F961AA1AA8F6D800F8B08E /* Release */ = {
			isa = XCBuildConfiguration;
			buildSettings = {
				ASSETCATALOG_COMPILER_APPICON_NAME = AppIcon;
				INFOPLIST_FILE = calculator/Info.plist;
				LD_RUNPATH_SEARCH_PATHS = "$(inherited) @executable_path/Frameworks";
				PRODUCT_NAME = "$(TARGET_NAME)";
			};
			name = Release;
		};
		52F961AC1AA8F6D800F8B08E /* Debug */ = {
			isa = XCBuildConfiguration;
			buildSettings = {
				BUNDLE_LOADER = "$(TEST_HOST)";
				FRAMEWORK_SEARCH_PATHS = (
					"$(SDKROOT)/Developer/Library/Frameworks",
					"$(inherited)",
				);
				GCC_PREPROCESSOR_DEFINITIONS = (
					"DEBUG=1",
					"$(inherited)",
				);
				INFOPLIST_FILE = calculatorTests/Info.plist;
				LD_RUNPATH_SEARCH_PATHS = "$(inherited) @executable_path/Frameworks @loader_path/Frameworks";
				PRODUCT_NAME = "$(TARGET_NAME)";
				TEST_HOST = "$(BUILT_PRODUCTS_DIR)/calculator.app/calculator";
			};
			name = Debug;
		};
		52F961AD1AA8F6D800F8B08E /* Release */ = {
			isa = XCBuildConfiguration;
			buildSettings = {
				BUNDLE_LOADER = "$(TEST_HOST)";
				FRAMEWORK_SEARCH_PATHS = (
					"$(SDKROOT)/Developer/Library/Frameworks",
					"$(inherited)",
				);
				INFOPLIST_FILE = calculatorTests/Info.plist;
				LD_RUNPATH_SEARCH_PATHS = "$(inherited) @executable_path/Frameworks @loader_path/Frameworks";
				PRODUCT_NAME = "$(TARGET_NAME)";
				TEST_HOST = "$(BUILT_PRODUCTS_DIR)/calculator.app/calculator";
			};
			name = Release;
		};
/* End XCBuildConfiguration section */

/* Begin XCConfigurationList section */
		52F961841AA8F6D800F8B08E /* Build configuration list for PBXProject "calculator" */ = {
			isa = XCConfigurationList;
			buildConfigurations = (
				52F961A61AA8F6D800F8B08E /* Debug */,
				52F961A71AA8F6D800F8B08E /* Release */,
			);
			defaultConfigurationIsVisible = 0;
			defaultConfigurationName = Release;
		};
		52F961A81AA8F6D800F8B08E /* Build configuration list for PBXNativeTarget "calculator" */ = {
			isa = XCConfigurationList;
			buildConfigurations = (
				52F961A91AA8F6D800F8B08E /* Debug */,
				52F961AA1AA8F6D800F8B08E /* Release */,
			);
			defaultConfigurationIsVisible = 0;
			defaultConfigurationName = Release;
		};
		52F961AB1AA8F6D800F8B08E /* Build configuration list for PBXNativeTarget "calculatorTests" */ = {
			isa = XCConfigurationList;
			buildConfigurations = (
				52F961AC1AA8F6D800F8B08E /* Debug */,
				52F961AD1AA8F6D800F8B08E /* Release */,
			);
			defaultConfigurationIsVisible = 0;
			defaultConfigurationName = Release;
		};
/* End XCConfigurationList section */
	};
	rootObject = 52F961811AA8F6D800F8B08E /* Project object */;
}
